// !$*UTF8*$!
{
	archiveVersion = 1;
	classes = {
	};
	objectVersion = 77;
	objects = {

/* Begin PBXBuildFile section */
		4556A8E730057CB6007128CE /* AppDelegate.swift in Sources */ = {isa = PBXBuildFile; fileRef = 4556A8E630057CB6007128CE /* AppDelegate.swift */; };
		4556A8E930057CB6007128CE /* SceneDelegate.swift in Sources */ = {isa = PBXBuildFile; fileRef = 4556A8E830057CB6007128CE /* SceneDelegate.swift */; };
		4556A8EC30057CB6007128CE /* LaunchScreen.storyboard in Resources */ = {isa = PBXBuildFile; fileRef = 4556A8EA30057CB6007128CE /* LaunchScreen.storyboard */; };
		4556A8EF30057CB6007128CE /* Main.storyboard in Resources */ = {isa = PBXBuildFile; fileRef = 4556A8ED30057CB6007128CE /* Main.storyboard */; };
		4556A8F830057CB6007128CE /* AppDelegate.swift in Sources */ = {isa = PBXBuildFile; fileRef = 4556A8F730057CB6007128CE /* AppDelegate.swift */; };
		4556A8FB30057CB6007128CE /* Main.storyboard in Resources */ = {isa = PBXBuildFile; fileRef = 4556A8F930057CB6007128CE /* Main.storyboard */; };
		4556A90230057CB6007128CE /* HeaderX Extension.appex in Embed Foundation Extensions */ = {isa = PBXBuildFile; fileRef = 4556A90130057CB6007128CE /* HeaderX Extension.appex */; settings = {ATTRIBUTES = (RemoveHeadersOnCopy, ); }; };
		4556A90C30057CB6007128CE /* HeaderX Extension.appex in Embed Foundation Extensions */ = {isa = PBXBuildFile; fileRef = 4556A90B30057CB6007128CE /* HeaderX Extension.appex */; settings = {ATTRIBUTES = (RemoveHeadersOnCopy, ); }; };
		4556A91130057CB6007128CE /* Main.html in Resources */ = {isa = PBXBuildFile; fileRef = 4556A8D630057CB5007128CE /* Main.html */; };
		4556A91230057CB6007128CE /* Main.html in Resources */ = {isa = PBXBuildFile; fileRef = 4556A8D630057CB5007128CE /* Main.html */; };
		4556A91330057CB6007128CE /* Icon.png in Resources */ = {isa = PBXBuildFile; fileRef = 4556A8D830057CB5007128CE /* Icon.png */; };
		4556A91430057CB6007128CE /* Icon.png in Resources */ = {isa = PBXBuildFile; fileRef = 4556A8D830057CB5007128CE /* Icon.png */; };
		4556A91530057CB6007128CE /* Style.css in Resources */ = {isa = PBXBuildFile; fileRef = 4556A8D930057CB5007128CE /* Style.css */; };
		4556A91630057CB6007128CE /* Style.css in Resources */ = {isa = PBXBuildFile; fileRef = 4556A8D930057CB5007128CE /* Style.css */; };
		4556A91730057CB6007128CE /* Script.js in Resources */ = {isa = PBXBuildFile; fileRef = 4556A8DA30057CB5007128CE /* Script.js */; };
		4556A91830057CB6007128CE /* Script.js in Resources */ = {isa = PBXBuildFile; fileRef = 4556A8DA30057CB5007128CE /* Script.js */; };
		4556A91930057CB6007128CE /* ViewController.swift in Sources */ = {isa = PBXBuildFile; fileRef = 4556A8DB30057CB5007128CE /* ViewController.swift */; };
		4556A91A30057CB6007128CE /* ViewController.swift in Sources */ = {isa = PBXBuildFile; fileRef = 4556A8DB30057CB5007128CE /* ViewController.swift */; };
		4556A91B30057CB6007128CE /* Assets.xcassets in Resources */ = {isa = PBXBuildFile; fileRef = 4556A8DC30057CB6007128CE /* Assets.xcassets */; };
		4556A91C30057CB6007128CE /* Assets.xcassets in Resources */ = {isa = PBXBuildFile; fileRef = 4556A8DC30057CB6007128CE /* Assets.xcassets */; };
		4556A91D30057CB6007128CE /* SafariWebExtensionHandler.swift in Sources */ = {isa = PBXBuildFile; fileRef = 4556A8DE30057CB6007128CE /* SafariWebExtensionHandler.swift */; };
		4556A91E30057CB6007128CE /* SafariWebExtensionHandler.swift in Sources */ = {isa = PBXBuildFile; fileRef = 4556A8DE30057CB6007128CE /* SafariWebExtensionHandler.swift */; };
		4556A93830057CB7007128CE /* popup.js in Resources */ = {isa = PBXBuildFile; fileRef = 4556A93130057CB7007128CE /* popup.js */; };
		4556A93930057CB7007128CE /* background.js in Resources */ = {isa = PBXBuildFile; fileRef = 4556A93230057CB7007128CE /* background.js */; };
		4556A93A30057CB7007128CE /* popup.html in Resources */ = {isa = PBXBuildFile; fileRef = 4556A93330057CB7007128CE /* popup.html */; };
		4556A93B30057CB7007128CE /* README.md in Resources */ = {isa = PBXBuildFile; fileRef = 4556A93430057CB7007128CE /* README.md */; };
		4556A93C30057CB7007128CE /* icons in Resources */ = {isa = PBXBuildFile; fileRef = 4556A93530057CB7007128CE /* icons */; };
		4556A93D30057CB7007128CE /* manifest.json in Resources */ = {isa = PBXBuildFile; fileRef = 4556A93630057CB7007128CE /* manifest.json */; };
		4556A93F30057CB7007128CE /* popup.js in Resources */ = {isa = PBXBuildFile; fileRef = 4556A93130057CB7007128CE /* popup.js */; };
		4556A94030057CB7007128CE /* background.js in Resources */ = {isa = PBXBuildFile; fileRef = 4556A93230057CB7007128CE /* background.js */; };
		4556A94130057CB7007128CE /* popup.html in Resources */ = {isa = PBXBuildFile; fileRef = 4556A93330057CB7007128CE /* popup.html */; };
		4556A94230057CB7007128CE /* README.md in Resources */ = {isa = PBXBuildFile; fileRef = 4556A93430057CB7007128CE /* README.md */; };
		4556A94330057CB7007128CE /* icons in Resources */ = {isa = PBXBuildFile; fileRef = 4556A93530057CB7007128CE /* icons */; };
		4556A94430057CB7007128CE /* manifest.json in Resources */ = {isa = PBXBuildFile; fileRef = 4556A93630057CB7007128CE /* manifest.json */; };
		AB10000000000000000000B1 /* content.js in Resources */ = {isa = PBXBuildFile; fileRef = AB10000000000000000000C1 /* content.js */; };
		AB10000000000000000000B2 /* page.js in Resources */ = {isa = PBXBuildFile; fileRef = AB10000000000000000000C2 /* page.js */; };
		AB10000000000000000000B3 /* content.js in Resources */ = {isa = PBXBuildFile; fileRef = AB10000000000000000000C1 /* content.js */; };
		AB10000000000000000000B4 /* page.js in Resources */ = {isa = PBXBuildFile; fileRef = AB10000000000000000000C2 /* page.js */; };
/* End PBXBuildFile section */

/* Begin PBXContainerItemProxy section */
		4556A90330057CB6007128CE /* PBXContainerItemProxy */ = {
			isa = PBXContainerItemProxy;
			containerPortal = 4556A8D030057CB5007128CE /* Project object */;
			proxyType = 1;
			remoteGlobalIDString = 4556A90030057CB6007128CE;
			remoteInfo = "HeaderX Extension (iOS)";
		};
		4556A90D30057CB6007128CE /* PBXContainerItemProxy */ = {
			isa = PBXContainerItemProxy;
			containerPortal = 4556A8D030057CB5007128CE /* Project object */;
			proxyType = 1;
			remoteGlobalIDString = 4556A90A30057CB6007128CE;
			remoteInfo = "HeaderX Extension (macOS)";
		};
/* End PBXContainerItemProxy section */

/* Begin PBXCopyFilesBuildPhase section */
		4556A92430057CB6007128CE /* Embed Foundation Extensions */ = {
			isa = PBXCopyFilesBuildPhase;
			buildActionMask = 2147483647;
			dstPath = "";
			dstSubfolderSpec = 13;
			files = (
				4556A90230057CB6007128CE /* HeaderX Extension.appex in Embed Foundation Extensions */,
			);
			name = "Embed Foundation Extensions";
			runOnlyForDeploymentPostprocessing = 0;
		};
		4556A92B30057CB6007128CE /* Embed Foundation Extensions */ = {
			isa = PBXCopyFilesBuildPhase;
			buildActionMask = 2147483647;
			dstPath = "";
			dstSubfolderSpec = 13;
			files = (
				4556A90C30057CB6007128CE /* HeaderX Extension.appex in Embed Foundation Extensions */,
			);
			name = "Embed Foundation Extensions";
			runOnlyForDeploymentPostprocessing = 0;
		};
/* End PBXCopyFilesBuildPhase section */

/* Begin PBXFileReference section */
		4556A8D730057CB5007128CE /* Base */ = {isa = PBXFileReference; lastKnownFileType = text.html; name = Base; path = Base.lproj/Main.html; sourceTree = "<group>"; };
		4556A8D830057CB5007128CE /* Icon.png */ = {isa = PBXFileReference; lastKnownFileType = image.png; path = Icon.png; sourceTree = "<group>"; };
		4556A8D930057CB5007128CE /* Style.css */ = {isa = PBXFileReference; lastKnownFileType = text.css; path = Style.css; sourceTree = "<group>"; };
		4556A8DA30057CB5007128CE /* Script.js */ = {isa = PBXFileReference; lastKnownFileType = sourcecode.javascript; path = Script.js; sourceTree = "<group>"; };
		4556A8DB30057CB5007128CE /* ViewController.swift */ = {isa = PBXFileReference; lastKnownFileType = sourcecode.swift; path = ViewController.swift; sourceTree = "<group>"; };
		4556A8DC30057CB6007128CE /* Assets.xcassets */ = {isa = PBXFileReference; lastKnownFileType = folder.assetcatalog; path = Assets.xcassets; sourceTree = "<group>"; };
		4556A8DE30057CB6007128CE /* SafariWebExtensionHandler.swift */ = {isa = PBXFileReference; lastKnownFileType = sourcecode.swift; path = SafariWebExtensionHandler.swift; sourceTree = "<group>"; };
		4556A8E330057CB6007128CE /* HeaderX.app */ = {isa = PBXFileReference; explicitFileType = wrapper.application; includeInIndex = 0; path = HeaderX.app; sourceTree = BUILT_PRODUCTS_DIR; };
		4556A8E630057CB6007128CE /* AppDelegate.swift */ = {isa = PBXFileReference; lastKnownFileType = sourcecode.swift; path = AppDelegate.swift; sourceTree = "<group>"; };
		4556A8E830057CB6007128CE /* SceneDelegate.swift */ = {isa = PBXFileReference; lastKnownFileType = sourcecode.swift; path = SceneDelegate.swift; sourceTree = "<group>"; };
		4556A8EB30057CB6007128CE /* Base */ = {isa = PBXFileReference; lastKnownFileType = file.storyboard; name = Base; path = Base.lproj/LaunchScreen.storyboard; sourceTree = "<group>"; };
		4556A8EE30057CB6007128CE /* Base */ = {isa = PBXFileReference; lastKnownFileType = file.storyboard; name = Base; path = Base.lproj/Main.storyboard; sourceTree = "<group>"; };
		4556A8F030057CB6007128CE /* Info.plist */ = {isa = PBXFileReference; lastKnownFileType = text.plist.xml; path = Info.plist; sourceTree = "<group>"; };
		4556A8F530057CB6007128CE /* HeaderX.app */ = {isa = PBXFileReference; explicitFileType = wrapper.application; includeInIndex = 0; path = HeaderX.app; sourceTree = BUILT_PRODUCTS_DIR; };
		4556A8F730057CB6007128CE /* AppDelegate.swift */ = {isa = PBXFileReference; lastKnownFileType = sourcecode.swift; path = AppDelegate.swift; sourceTree = "<group>"; };
		4556A8FA30057CB6007128CE /* Base */ = {isa = PBXFileReference; lastKnownFileType = file.storyboard; name = Base; path = Base.lproj/Main.storyboard; sourceTree = "<group>"; };
		4556A8FC30057CB6007128CE /* Info.plist */ = {isa = PBXFileReference; lastKnownFileType = text.plist.xml; path = Info.plist; sourceTree = "<group>"; };
		4556A90130057CB6007128CE /* HeaderX Extension.appex */ = {isa = PBXFileReference; explicitFileType = "wrapper.app-extension"; includeInIndex = 0; path = "HeaderX Extension.appex"; sourceTree = BUILT_PRODUCTS_DIR; };
		4556A90630057CB6007128CE /* Info.plist */ = {isa = PBXFileReference; lastKnownFileType = text.plist.xml; path = Info.plist; sourceTree = "<group>"; };
		4556A90B30057CB6007128CE /* HeaderX Extension.appex */ = {isa = PBXFileReference; explicitFileType = "wrapper.app-extension"; includeInIndex = 0; path = "HeaderX Extension.appex"; sourceTree = BUILT_PRODUCTS_DIR; };
		4556A91030057CB6007128CE /* Info.plist */ = {isa = PBXFileReference; lastKnownFileType = text.plist.xml; path = Info.plist; sourceTree = "<group>"; };
		4556A93130057CB7007128CE /* popup.js */ = {isa = PBXFileReference; lastKnownFileType = sourcecode.javascript; name = popup.js; path = ../../popup.js; sourceTree = "<group>"; };
		4556A93230057CB7007128CE /* background.js */ = {isa = PBXFileReference; lastKnownFileType = sourcecode.javascript; name = background.js; path = ../../background.js; sourceTree = "<group>"; };
		4556A93330057CB7007128CE /* popup.html */ = {isa = PBXFileReference; lastKnownFileType = text.html; name = popup.html; path = ../../popup.html; sourceTree = "<group>"; };
		4556A93430057CB7007128CE /* README.md */ = {isa = PBXFileReference; lastKnownFileType = net.daringfireball.markdown; name = README.md; path = ../../README.md; sourceTree = "<group>"; };
		4556A93530057CB7007128CE /* icons */ = {isa = PBXFileReference; lastKnownFileType = folder; name = icons; path = ../../icons; sourceTree = "<group>"; };
		4556A93630057CB7007128CE /* manifest.json */ = {isa = PBXFileReference; lastKnownFileType = text.json; name = manifest.json; path = ../../manifest.json; sourceTree = "<group>"; };
		AB10000000000000000000C1 /* content.js */ = {isa = PBXFileReference; lastKnownFileType = sourcecode.javascript; name = content.js; path = ../../content.js; sourceTree = "<group>"; };
		AB10000000000000000000C2 /* page.js */ = {isa = PBXFileReference; lastKnownFileType = sourcecode.javascript; name = page.js; path = ../../page.js; sourceTree = "<group>"; };
/* End PBXFileReference section */

/* Begin PBXFrameworksBuildPhase section */
		4556A8E030057CB6007128CE /* Frameworks */ = {
			isa = PBXFrameworksBuildPhase;
			buildActionMask = 2147483647;
			files = (
			);
			runOnlyForDeploymentPostprocessing = 0;
		};
		4556A8F230057CB6007128CE /* Frameworks */ = {
			isa = PBXFrameworksBuildPhase;
			buildActionMask = 2147483647;
			files = (
			);
			runOnlyForDeploymentPostprocessing = 0;
		};
		4556A8FE30057CB6007128CE /* Frameworks */ = {
			isa = PBXFrameworksBuildPhase;
			buildActionMask = 2147483647;
			files = (
			);
			runOnlyForDeploymentPostprocessing = 0;
		};
		4556A90830057CB6007128CE /* Frameworks */ = {
			isa = PBXFrameworksBuildPhase;
			buildActionMask = 2147483647;
			files = (
			);
			runOnlyForDeploymentPostprocessing = 0;
		};
/* End PBXFrameworksBuildPhase section */

/* Begin PBXGroup section */
		4556A8CF30057CB5007128CE = {
			isa = PBXGroup;
			children = (
				4556A8D430057CB5007128CE /* Shared (App) */,
				4556A8DD30057CB6007128CE /* Shared (Extension) */,
				4556A8E530057CB6007128CE /* iOS (App) */,
				4556A8F630057CB6007128CE /* macOS (App) */,
				4556A90530057CB6007128CE /* iOS (Extension) */,
				4556A90F30057CB6007128CE /* macOS (Extension) */,
				4556A8E430057CB6007128CE /* Products */,
			);
			sourceTree = "<group>";
		};
		4556A8D430057CB5007128CE /* Shared (App) */ = {
			isa = PBXGroup;
			children = (
				4556A8DB30057CB5007128CE /* ViewController.swift */,
				4556A8DC30057CB6007128CE /* Assets.xcassets */,
				4556A8D530057CB5007128CE /* Resources */,
			);
			path = "Shared (App)";
			sourceTree = "<group>";
		};
		4556A8D530057CB5007128CE /* Resources */ = {
			isa = PBXGroup;
			children = (
				4556A8D630057CB5007128CE /* Main.html */,
				4556A8D830057CB5007128CE /* Icon.png */,
				4556A8D930057CB5007128CE /* Style.css */,
				4556A8DA30057CB5007128CE /* Script.js */,
			);
			path = Resources;
			sourceTree = "<group>";
		};
		4556A8DD30057CB6007128CE /* Shared (Extension) */ = {
			isa = PBXGroup;
			children = (
				4556A92F30057CB7007128CE /* Resources */,
				4556A8DE30057CB6007128CE /* SafariWebExtensionHandler.swift */,
			);
			path = "Shared (Extension)";
			sourceTree = "<group>";
		};
		4556A8E430057CB6007128CE /* Products */ = {
			isa = PBXGroup;
			children = (
				4556A8E330057CB6007128CE /* HeaderX.app */,
				4556A8F530057CB6007128CE /* HeaderX.app */,
				4556A90130057CB6007128CE /* HeaderX Extension.appex */,
				4556A90B30057CB6007128CE /* HeaderX Extension.appex */,
			);
			name = Products;
			sourceTree = "<group>";
		};
		4556A8E530057CB6007128CE /* iOS (App) */ = {
			isa = PBXGroup;
			children = (
				4556A8E630057CB6007128CE /* AppDelegate.swift */,
				4556A8E830057CB6007128CE /* SceneDelegate.swift */,
				4556A8EA30057CB6007128CE /* LaunchScreen.storyboard */,
				4556A8ED30057CB6007128CE /* Main.storyboard */,
				4556A8F030057CB6007128CE /* Info.plist */,
			);
			path = "iOS (App)";
			sourceTree = "<group>";
		};
		4556A8F630057CB6007128CE /* macOS (App) */ = {
			isa = PBXGroup;
			children = (
				4556A8F730057CB6007128CE /* AppDelegate.swift */,
				4556A8F930057CB6007128CE /* Main.storyboard */,
				4556A8FC30057CB6007128CE /* Info.plist */,
			);
			path = "macOS (App)";
			sourceTree = "<group>";
		};
		4556A90530057CB6007128CE /* iOS (Extension) */ = {
			isa = PBXGroup;
			children = (
				4556A90630057CB6007128CE /* Info.plist */,
			);
			path = "iOS (Extension)";
			sourceTree = "<group>";
		};
		4556A90F30057CB6007128CE /* macOS (Extension) */ = {
			isa = PBXGroup;
			children = (
				4556A91030057CB6007128CE /* Info.plist */,
			);
			path = "macOS (Extension)";
			sourceTree = "<group>";
		};
		4556A92F30057CB7007128CE /* Resources */ = {
			isa = PBXGroup;
			children = (
				4556A93130057CB7007128CE /* popup.js */,
				4556A93230057CB7007128CE /* background.js */,
				4556A93330057CB7007128CE /* popup.html */,
				4556A93430057CB7007128CE /* README.md */,
				4556A93530057CB7007128CE /* icons */,
				4556A93630057CB7007128CE /* manifest.json */,
				AB10000000000000000000C1 /* content.js */,
				AB10000000000000000000C2 /* page.js */,
			);
			name = Resources;
			path = "Shared (Extension)";
			sourceTree = SOURCE_ROOT;
		};
/* End PBXGroup section */

/* Begin PBXNativeTarget section */
		4556A8E230057CB6007128CE /* HeaderX (iOS) */ = {
			isa = PBXNativeTarget;
			buildConfigurationList = 4556A92530057CB6007128CE /* Build configuration list for PBXNativeTarget "HeaderX (iOS)" */;
			buildPhases = (
				4556A8DF30057CB6007128CE /* Sources */,
				4556A8E030057CB6007128CE /* Frameworks */,
				4556A8E130057CB6007128CE /* Resources */,
				4556A92430057CB6007128CE /* Embed Foundation Extensions */,
			);
			buildRules = (
			);
			dependencies = (
				4556A90430057CB6007128CE /* PBXTargetDependency */,
			);
			name = "HeaderX (iOS)";
			packageProductDependencies = (
			);
			productName = "HeaderX (iOS)";
			productReference = 4556A8E330057CB6007128CE /* HeaderX.app */;
			productType = "com.apple.product-type.application";
		};
		4556A8F430057CB6007128CE /* HeaderX (macOS) */ = {
			isa = PBXNativeTarget;
			buildConfigurationList = 4556A92C30057CB6007128CE /* Build configuration list for PBXNativeTarget "HeaderX (macOS)" */;
			buildPhases = (
				4556A8F130057CB6007128CE /* Sources */,
				4556A8F230057CB6007128CE /* Frameworks */,
				4556A8F330057CB6007128CE /* Resources */,
				4556A92B30057CB6007128CE /* Embed Foundation Extensions */,
			);
			buildRules = (
			);
			dependencies = (
				4556A90E30057CB6007128CE /* PBXTargetDependency */,
			);
			name = "HeaderX (macOS)";
			packageProductDependencies = (
			);
			productName = "HeaderX (macOS)";
			productReference = 4556A8F530057CB6007128CE /* HeaderX.app */;
			productType = "com.apple.product-type.application";
		};
		4556A90030057CB6007128CE /* HeaderX Extension (iOS) */ = {
			isa = PBXNativeTarget;
			buildConfigurationList = 4556A92130057CB6007128CE /* Build configuration list for PBXNativeTarget "HeaderX Extension (iOS)" */;
			buildPhases = (
				4556A8FD30057CB6007128CE /* Sources */,
				4556A8FE30057CB6007128CE /* Frameworks */,
				4556A8FF30057CB6007128CE /* Resources */,
			);
			buildRules = (
			);
			dependencies = (
			);
			name = "HeaderX Extension (iOS)";
			packageProductDependencies = (
			);
			productName = "HeaderX Extension (iOS)";
			productReference = 4556A90130057CB6007128CE /* HeaderX Extension.appex */;
			productType = "com.apple.product-type.app-extension";
		};
		4556A90A30057CB6007128CE /* HeaderX Extension (macOS) */ = {
			isa = PBXNativeTarget;
			buildConfigurationList = 4556A92830057CB6007128CE /* Build configuration list for PBXNativeTarget "HeaderX Extension (macOS)" */;
			buildPhases = (
				4556A90730057CB6007128CE /* Sources */,
				4556A90830057CB6007128CE /* Frameworks */,
				4556A90930057CB6007128CE /* Resources */,
			);
			buildRules = (
			);
			dependencies = (
			);
			name = "HeaderX Extension (macOS)";
			packageProductDependencies = (
			);
			productName = "HeaderX Extension (macOS)";
			productReference = 4556A90B30057CB6007128CE /* HeaderX Extension.appex */;
			productType = "com.apple.product-type.app-extension";
		};
/* End PBXNativeTarget section */

/* Begin PBXProject section */
		4556A8D030057CB5007128CE /* Project object */ = {
			isa = PBXProject;
			attributes = {
				BuildIndependentTargetsInParallel = 1;
				LastSwiftUpdateCheck = 2620;
				LastUpgradeCheck = 2620;
				TargetAttributes = {
					4556A8E230057CB6007128CE = {
						CreatedOnToolsVersion = 26.2;
					};
					4556A8F430057CB6007128CE = {
						CreatedOnToolsVersion = 26.2;
					};
					4556A90030057CB6007128CE = {
						CreatedOnToolsVersion = 26.2;
					};
					4556A90A30057CB6007128CE = {
						CreatedOnToolsVersion = 26.2;
					};
				};
			};
			buildConfigurationList = 4556A8D330057CB5007128CE /* Build configuration list for PBXProject "HeaderX" */;
			developmentRegion = en;
			hasScannedForEncodings = 0;
			knownRegions = (
				en,
				Base,
			);
			mainGroup = 4556A8CF30057CB5007128CE;
			minimizedProjectReferenceProxies = 1;
			preferredProjectObjectVersion = 77;
			productRefGroup = 4556A8E430057CB6007128CE /* Products */;
			projectDirPath = "";
			projectRoot = "";
			targets = (
				4556A8E230057CB6007128CE /* HeaderX (iOS) */,
				4556A8F430057CB6007128CE /* HeaderX (macOS) */,
				4556A90030057CB6007128CE /* HeaderX Extension (iOS) */,
				4556A90A30057CB6007128CE /* HeaderX Extension (macOS) */,
			);
		};
/* End PBXProject section */

/* Begin PBXResourcesBuildPhase section */
		4556A8E130057CB6007128CE /* Resources */ = {
			isa = PBXResourcesBuildPhase;
			buildActionMask = 2147483647;
			files = (
				4556A91330057CB6007128CE /* Icon.png in Resources */,
				4556A8EC30057CB6007128CE /* LaunchScreen.storyboard in Resources */,
				4556A91130057CB6007128CE /* Main.html in Resources */,
				4556A91730057CB6007128CE /* Script.js in Resources */,
				4556A91B30057CB6007128CE /* Assets.xcassets in Resources */,
				4556A8EF30057CB6007128CE /* Main.storyboard in Resources */,
				4556A91530057CB6007128CE /* Style.css in Resources */,
			);
			runOnlyForDeploymentPostprocessing = 0;
		};
		4556A8F330057CB6007128CE /* Resources */ = {
			isa = PBXResourcesBuildPhase;
			buildActionMask = 2147483647;
			files = (
				4556A91430057CB6007128CE /* Icon.png in Resources */,
				4556A91630057CB6007128CE /* Style.css in Resources */,
				4556A8FB30057CB6007128CE /* Main.storyboard in Resources */,
				4556A91830057CB6007128CE /* Script.js in Resources */,
				4556A91C30057CB6007128CE /* Assets.xcassets in Resources */,
				4556A91230057CB6007128CE /* Main.html in Resources */,
			);
			runOnlyForDeploymentPostprocessing = 0;
		};
		4556A8FF30057CB6007128CE /* Resources */ = {
			isa = PBXResourcesBuildPhase;
			buildActionMask = 2147483647;
			files = (
				4556A94430057CB7007128CE /* manifest.json in Resources */,
				AB10000000000000000000B3 /* content.js in Resources */,
				AB10000000000000000000B4 /* page.js in Resources */,
				4556A94130057CB7007128CE /* popup.html in Resources */,
				4556A94230057CB7007128CE /* README.md in Resources */,
				4556A94330057CB7007128CE /* icons in Resources */,
				4556A94030057CB7007128CE /* background.js in Resources */,
				4556A93F30057CB7007128CE /* popup.js in Resources */,
			);
			runOnlyForDeploymentPostprocessing = 0;
		};
		4556A90930057CB6007128CE /* Resources */ = {
			isa = PBXResourcesBuildPhase;
			buildActionMask = 2147483647;
			files = (
				4556A93D30057CB7007128CE /* manifest.json in Resources */,
				AB10000000000000000000B1 /* content.js in Resources */,
				AB10000000000000000000B2 /* page.js in Resources */,
				4556A93A30057CB7007128CE /* popup.html in Resources */,
				4556A93B30057CB7007128CE /* README.md in Resources */,
				4556A93C30057CB7007128CE /* icons in Resources */,
				4556A93930057CB7007128CE /* background.js in Resources */,
				4556A93830057CB7007128CE /* popup.js in Resources */,
			);
			runOnlyForDeploymentPostprocessing = 0;
		};
/* End PBXResourcesBuildPhase section */

/* Begin PBXSourcesBuildPhase section */
		4556A8DF30057CB6007128CE /* Sources */ = {
			isa = PBXSourcesBuildPhase;
			buildActionMask = 2147483647;
			files = (
				4556A91930057CB6007128CE /* ViewController.swift in Sources */,
				4556A8E730057CB6007128CE /* AppDelegate.swift in Sources */,
				4556A8E930057CB6007128CE /* SceneDelegate.swift in Sources */,
			);
			runOnlyForDeploymentPostprocessing = 0;
		};
		4556A8F130057CB6007128CE /* Sources */ = {
			isa = PBXSourcesBuildPhase;
			buildActionMask = 2147483647;
			files = (
				4556A91A30057CB6007128CE /* ViewController.swift in Sources */,
				4556A8F830057CB6007128CE /* AppDelegate.swift in Sources */,
			);
			runOnlyForDeploymentPostprocessing = 0;
		};
		4556A8FD30057CB6007128CE /* Sources */ = {
			isa = PBXSourcesBuildPhase;
			buildActionMask = 2147483647;
			files = (
				4556A91D30057CB6007128CE /* SafariWebExtensionHandler.swift in Sources */,
			);
			runOnlyForDeploymentPostprocessing = 0;
		};
		4556A90730057CB6007128CE /* Sources */ = {
			isa = PBXSourcesBuildPhase;
			buildActionMask = 2147483647;
			files = (
				4556A91E30057CB6007128CE /* SafariWebExtensionHandler.swift in Sources */,
			);
			runOnlyForDeploymentPostprocessing = 0;
		};
/* End PBXSourcesBuildPhase section */

/* Begin PBXTargetDependency section */
		4556A90430057CB6007128CE /* PBXTargetDependency */ = {
			isa = PBXTargetDependency;
			target = 4556A90030057CB6007128CE /* HeaderX Extension (iOS) */;
			targetProxy = 4556A90330057CB6007128CE /* PBXContainerItemProxy */;
		};
		4556A90E30057CB6007128CE /* PBXTargetDependency */ = {
			isa = PBXTargetDependency;
			target = 4556A90A30057CB6007128CE /* HeaderX Extension (macOS) */;
			targetProxy = 4556A90D30057CB6007128CE /* PBXContainerItemProxy */;
		};
/* End PBXTargetDependency section */

/* Begin PBXVariantGroup section */
		4556A8D630057CB5007128CE /* Main.html */ = {
			isa = PBXVariantGroup;
			children = (
				4556A8D730057CB5007128CE /* Base */,
			);
			name = Main.html;
			sourceTree = "<group>";
		};
		4556A8EA30057CB6007128CE /* LaunchScreen.storyboard */ = {
			isa = PBXVariantGroup;
			children = (
				4556A8EB30057CB6007128CE /* Base */,
			);
			name = LaunchScreen.storyboard;
			sourceTree = "<group>";
		};
		4556A8ED30057CB6007128CE /* Main.storyboard */ = {
			isa = PBXVariantGroup;
			children = (
				4556A8EE30057CB6007128CE /* Base */,
			);
			name = Main.storyboard;
			sourceTree = "<group>";
		};
		4556A8F930057CB6007128CE /* Main.storyboard */ = {
			isa = PBXVariantGroup;
			children = (
				4556A8FA30057CB6007128CE /* Base */,
			);
			name = Main.storyboard;
			sourceTree = "<group>";
		};
/* End PBXVariantGroup section */

/* Begin XCBuildConfiguration section */
		4556A91F30057CB6007128CE /* Debug */ = {
			isa = XCBuildConfiguration;
			buildSettings = {
				ALWAYS_SEARCH_USER_PATHS = NO;
				ASSETCATALOG_COMPILER_GENERATE_SWIFT_ASSET_SYMBOL_EXTENSIONS = YES;
				CLANG_ANALYZER_NONNULL = YES;
				CLANG_ANALYZER_NUMBER_OBJECT_CONVERSION = YES_AGGRESSIVE;
				CLANG_CXX_LANGUAGE_STANDARD = "gnu++20";
				CLANG_ENABLE_MODULES = YES;
				CLANG_ENABLE_OBJC_ARC = YES;
				CLANG_ENABLE_OBJC_WEAK = YES;
				CLANG_WARN_BLOCK_CAPTURE_AUTORELEASING = YES;
				CLANG_WARN_BOOL_CONVERSION = YES;
				CLANG_WARN_COMMA = YES;
				CLANG_WARN_CONSTANT_CONVERSION = YES;
				CLANG_WARN_DEPRECATED_OBJC_IMPLEMENTATIONS = YES;
				CLANG_WARN_DIRECT_OBJC_ISA_USAGE = YES_ERROR;
				CLANG_WARN_DOCUMENTATION_COMMENTS = YES;
				CLANG_WARN_EMPTY_BODY = YES;
				CLANG_WARN_ENUM_CONVERSION = YES;
				CLANG_WARN_INFINITE_RECURSION = YES;
				CLANG_WARN_INT_CONVERSION = YES;
				CLANG_WARN_NON_LITERAL_NULL_CONVERSION = YES;
				CLANG_WARN_OBJC_IMPLICIT_RETAIN_SELF = YES;
				CLANG_WARN_OBJC_LITERAL_CONVERSION = YES;
				CLANG_WARN_OBJC_ROOT_CLASS = YES_ERROR;
				CLANG_WARN_QUOTED_INCLUDE_IN_FRAMEWORK_HEADER = YES;
				CLANG_WARN_RANGE_LOOP_ANALYSIS = YES;
				CLANG_WARN_STRICT_PROTOTYPES = YES;
				CLANG_WARN_SUSPICIOUS_MOVE = YES;
				CLANG_WARN_UNGUARDED_AVAILABILITY = YES_AGGRESSIVE;
				CLANG_WARN_UNREACHABLE_CODE = YES;
				CLANG_WARN__DUPLICATE_METHOD_MATCH = YES;
				COPY_PHASE_STRIP = NO;
				DEBUG_INFORMATION_FORMAT = dwarf;
				ENABLE_STRICT_OBJC_MSGSEND = YES;
				ENABLE_TESTABILITY = YES;
				ENABLE_USER_SCRIPT_SANDBOXING = YES;
				GCC_C_LANGUAGE_STANDARD = gnu17;
				GCC_DYNAMIC_NO_PIC = NO;
				GCC_NO_COMMON_BLOCKS = YES;
				GCC_OPTIMIZATION_LEVEL = 0;
				GCC_PREPROCESSOR_DEFINITIONS = (
					"DEBUG=1",
					"$(inherited)",
				);
				GCC_WARN_64_TO_32_BIT_CONVERSION = YES;
				GCC_WARN_ABOUT_RETURN_TYPE = YES_ERROR;
				GCC_WARN_UNDECLARED_SELECTOR = YES;
				GCC_WARN_UNINITIALIZED_AUTOS = YES_AGGRESSIVE;
				GCC_WARN_UNUSED_FUNCTION = YES;
				GCC_WARN_UNUSED_VARIABLE = YES;
				LOCALIZATION_PREFERS_STRING_CATALOGS = YES;
				MTL_ENABLE_DEBUG_INFO = INCLUDE_SOURCE;
				MTL_FAST_MATH = YES;
				ONLY_ACTIVE_ARCH = YES;
				SWIFT_ACTIVE_COMPILATION_CONDITIONS = "DEBUG $(inherited)";
				SWIFT_OPTIMIZATION_LEVEL = "-Onone";
			};
			name = Debug;
		};
		4556A92030057CB6007128CE /* Release */ = {
			isa = XCBuildConfiguration;
			buildSettings = {
				ALWAYS_SEARCH_USER_PATHS = NO;
				ASSETCATALOG_COMPILER_GENERATE_SWIFT_ASSET_SYMBOL_EXTENSIONS = YES;
				CLANG_ANALYZER_NONNULL = YES;
				CLANG_ANALYZER_NUMBER_OBJECT_CONVERSION = YES_AGGRESSIVE;
				CLANG_CXX_LANGUAGE_STANDARD = "gnu++20";
				CLANG_ENABLE_MODULES = YES;
				CLANG_ENABLE_OBJC_ARC = YES;
				CLANG_ENABLE_OBJC_WEAK = YES;
				CLANG_WARN_BLOCK_CAPTURE_AUTORELEASING = YES;
				CLANG_WARN_BOOL_CONVERSION = YES;
				CLANG_WARN_COMMA = YES;
				CLANG_WARN_CONSTANT_CONVERSION = YES;
				CLANG_WARN_DEPRECATED_OBJC_IMPLEMENTATIONS = YES;
				CLANG_WARN_DIRECT_OBJC_ISA_USAGE = YES_ERROR;
				CLANG_WARN_DOCUMENTATION_COMMENTS = YES;
				CLANG_WARN_EMPTY_BODY = YES;
				CLANG_WARN_ENUM_CONVERSION = YES;
				CLANG_WARN_INFINITE_RECURSION = YES;
				CLANG_WARN_INT_CONVERSION = YES;
				CLANG_WARN_NON_LITERAL_NULL_CONVERSION = YES;
				CLANG_WARN_OBJC_IMPLICIT_RETAIN_SELF = YES;
				CLANG_WARN_OBJC_LITERAL_CONVERSION = YES;
				CLANG_WARN_OBJC_ROOT_CLASS = YES_ERROR;
				CLANG_WARN_QUOTED_INCLUDE_IN_FRAMEWORK_HEADER = YES;
				CLANG_WARN_RANGE_LOOP_ANALYSIS = YES;
				CLANG_WARN_STRICT_PROTOTYPES = YES;
				CLANG_WARN_SUSPICIOUS_MOVE = YES;
				CLANG_WARN_UNGUARDED_AVAILABILITY = YES_AGGRESSIVE;
				CLANG_WARN_UNREACHABLE_CODE = YES;
				CLANG_WARN__DUPLICATE_METHOD_MATCH = YES;
				COPY_PHASE_STRIP = NO;
				DEBUG_INFORMATION_FORMAT = "dwarf-with-dsym";
				ENABLE_NS_ASSERTIONS = NO;
				ENABLE_STRICT_OBJC_MSGSEND = YES;
				ENABLE_USER_SCRIPT_SANDBOXING = YES;
				GCC_C_LANGUAGE_STANDARD = gnu17;
				GCC_NO_COMMON_BLOCKS = YES;
				GCC_WARN_64_TO_32_BIT_CONVERSION = YES;
				GCC_WARN_ABOUT_RETURN_TYPE = YES_ERROR;
				GCC_WARN_UNDECLARED_SELECTOR = YES;
				GCC_WARN_UNINITIALIZED_AUTOS = YES_AGGRESSIVE;
				GCC_WARN_UNUSED_FUNCTION = YES;
				GCC_WARN_UNUSED_VARIABLE = YES;
				LOCALIZATION_PREFERS_STRING_CATALOGS = YES;
				MTL_ENABLE_DEBUG_INFO = NO;
				MTL_FAST_MATH = YES;
				SWIFT_COMPILATION_MODE = wholemodule;
			};
			name = Release;
		};
		4556A92230057CB6007128CE /* Debug */ = {
			isa = XCBuildConfiguration;
			buildSettings = {
				CODE_SIGN_STYLE = Automatic;
				CURRENT_PROJECT_VERSION = 1;
				DEVELOPMENT_TEAM = K92B539W6W;
				GENERATE_INFOPLIST_FILE = YES;
				INFOPLIST_FILE = "iOS (Extension)/Info.plist";
				INFOPLIST_KEY_CFBundleDisplayName = "HeaderX Extension";
				INFOPLIST_KEY_NSHumanReadableCopyright = "";
				IPHONEOS_DEPLOYMENT_TARGET = 15.0;
				LD_RUNPATH_SEARCH_PATHS = (
					"$(inherited)",
					"@executable_path/Frameworks",
					"@executable_path/../../Frameworks",
				);
				MARKETING_VERSION = 1.0;
				OTHER_LDFLAGS = (
					"-framework",
					SafariServices,
				);
				PRODUCT_BUNDLE_IDENTIFIER = io.github.nicechester.HeaderX.Extension;
				PRODUCT_NAME = "HeaderX Extension";
				SDKROOT = iphoneos;
				SKIP_INSTALL = YES;
				STRING_CATALOG_GENERATE_SYMBOLS = YES;
				SWIFT_APPROACHABLE_CONCURRENCY = YES;
				SWIFT_EMIT_LOC_STRINGS = YES;
				SWIFT_UPCOMING_FEATURE_MEMBER_IMPORT_VISIBILITY = YES;
				SWIFT_VERSION = 5.0;
				TARGETED_DEVICE_FAMILY = "1,2";
			};
			name = Debug;
		};
		4556A92330057CB6007128CE /* Release */ = {
			isa = XCBuildConfiguration;
			buildSettings = {
				CODE_SIGN_STYLE = Automatic;
				CURRENT_PROJECT_VERSION = 1;
				DEVELOPMENT_TEAM = K92B539W6W;
				GENERATE_INFOPLIST_FILE = YES;
				INFOPLIST_FILE = "iOS (Extension)/Info.plist";
				INFOPLIST_KEY_CFBundleDisplayName = "HeaderX Extension";
				INFOPLIST_KEY_NSHumanReadableCopyright = "";
				IPHONEOS_DEPLOYMENT_TARGET = 15.0;
				LD_RUNPATH_SEARCH_PATHS = (
					"$(inherited)",
					"@executable_path/Frameworks",
					"@executable_path/../../Frameworks",
				);
				MARKETING_VERSION = 1.0;
				OTHER_LDFLAGS = (
					"-framework",
					SafariServices,
				);
				PRODUCT_BUNDLE_IDENTIFIER = io.github.nicechester.HeaderX.Extension;
				PRODUCT_NAME = "HeaderX Extension";
				SDKROOT = iphoneos;
				SKIP_INSTALL = YES;
				STRING_CATALOG_GENERATE_SYMBOLS = YES;
				SWIFT_APPROACHABLE_CONCURRENCY = YES;
				SWIFT_EMIT_LOC_STRINGS = YES;
				SWIFT_UPCOMING_FEATURE_MEMBER_IMPORT_VISIBILITY = YES;
				SWIFT_VERSION = 5.0;
				TARGETED_DEVICE_FAMILY = "1,2";
				VALIDATE_PRODUCT = YES;
			};
			name = Release;
		};
		4556A92630057CB6007128CE /* Debug */ = {
			isa = XCBuildConfiguration;
			buildSettings = {
				ASSETCATALOG_COMPILER_APPICON_NAME = AppIcon;
				ASSETCATALOG_COMPILER_GLOBAL_ACCENT_COLOR_NAME = AccentColor;
				CODE_SIGN_STYLE = Automatic;
				CURRENT_PROJECT_VERSION = 6;
				DEVELOPMENT_TEAM = K92B539W6W;
				GENERATE_INFOPLIST_FILE = YES;
				INFOPLIST_FILE = "iOS (App)/Info.plist";
				INFOPLIST_KEY_CFBundleDisplayName = HeaderX;
				INFOPLIST_KEY_LSApplicationCategoryType = "public.app-category.developer-tools";
				INFOPLIST_KEY_UIApplicationSupportsIndirectInputEvents = YES;
				INFOPLIST_KEY_UILaunchStoryboardName = LaunchScreen;
				INFOPLIST_KEY_UIMainStoryboardFile = Main;
				INFOPLIST_KEY_UISupportedInterfaceOrientations = "UIInterfaceOrientationPortrait UIInterfaceOrientationLandscapeLeft UIInterfaceOrientationLandscapeRight";
				INFOPLIST_KEY_UISupportedInterfaceOrientations_iPad = "UIInterfaceOrientationPortrait UIInterfaceOrientationPortraitUpsideDown UIInterfaceOrientationLandscapeLeft UIInterfaceOrientationLandscapeRight";
				IPHONEOS_DEPLOYMENT_TARGET = 15.0;
				LD_RUNPATH_SEARCH_PATHS = (
					"$(inherited)",
					"@executable_path/Frameworks",
				);
				MARKETING_VERSION = 1.2;
				OTHER_LDFLAGS = (
					"-framework",
					SafariServices,
					"-framework",
					WebKit,
				);
				PRODUCT_BUNDLE_IDENTIFIER = io.github.nicechester.HeaderX;
				PRODUCT_NAME = HeaderX;
				SDKROOT = iphoneos;
				STRING_CATALOG_GENERATE_SYMBOLS = YES;
				SWIFT_APPROACHABLE_CONCURRENCY = YES;
				SWIFT_DEFAULT_ACTOR_ISOLATION = MainActor;
				SWIFT_EMIT_LOC_STRINGS = YES;
				SWIFT_UPCOMING_FEATURE_MEMBER_IMPORT_VISIBILITY = YES;
				SWIFT_VERSION = 5.0;
				TARGETED_DEVICE_FAMILY = "1,2";
			};
			name = Debug;
		};
		4556A92730057CB6007128CE /* Release */ = {
			isa = XCBuildConfiguration;
			buildSettings = {
				ASSETCATALOG_COMPILER_APPICON_NAME = AppIcon;
				ASSETCATALOG_COMPILER_GLOBAL_ACCENT_COLOR_NAME = AccentColor;
				CODE_SIGN_STYLE = Automatic;
				CURRENT_PROJECT_VERSION = 6;
				DEVELOPMENT_TEAM = K92B539W6W;
				GENERATE_INFOPLIST_FILE = YES;
				INFOPLIST_FILE = "iOS (App)/Info.plist";
				INFOPLIST_KEY_CFBundleDisplayName = HeaderX;
				INFOPLIST_KEY_LSApplicationCategoryType = "public.app-category.developer-tools";
				INFOPLIST_KEY_UIApplicationSupportsIndirectInputEvents = YES;
				INFOPLIST_KEY_UILaunchStoryboardName = LaunchScreen;
				INFOPLIST_KEY_UIMainStoryboardFile = Main;
				INFOPLIST_KEY_UISupportedInterfaceOrientations = "UIInterfaceOrientationPortrait UIInterfaceOrientationLandscapeLeft UIInterfaceOrientationLandscapeRight";
				INFOPLIST_KEY_UISupportedInterfaceOrientations_iPad = "UIInterfaceOrientationPortrait UIInterfaceOrientationPortraitUpsideDown UIInterfaceOrientationLandscapeLeft UIInterfaceOrientationLandscapeRight";
				IPHONEOS_DEPLOYMENT_TARGET = 15.0;
				LD_RUNPATH_SEARCH_PATHS = (
					"$(inherited)",
					"@executable_path/Frameworks",
				);
				MARKETING_VERSION = 1.2;
				OTHER_LDFLAGS = (
					"-framework",
					SafariServices,
					"-framework",
					WebKit,
				);
				PRODUCT_BUNDLE_IDENTIFIER = io.github.nicechester.HeaderX;
				PRODUCT_NAME = HeaderX;
				SDKROOT = iphoneos;
				STRING_CATALOG_GENERATE_SYMBOLS = YES;
				SWIFT_APPROACHABLE_CONCURRENCY = YES;
				SWIFT_DEFAULT_ACTOR_ISOLATION = MainActor;
				SWIFT_EMIT_LOC_STRINGS = YES;
				SWIFT_UPCOMING_FEATURE_MEMBER_IMPORT_VISIBILITY = YES;
				SWIFT_VERSION = 5.0;
				TARGETED_DEVICE_FAMILY = "1,2";
				VALIDATE_PRODUCT = YES;
			};
			name = Release;
		};
		4556A92930057CB6007128CE /* Debug */ = {
			isa = XCBuildConfiguration;
			buildSettings = {
				CODE_SIGN_STYLE = Automatic;
				CURRENT_PROJECT_VERSION = 1;
				DEVELOPMENT_TEAM = K92B539W6W;
				ENABLE_APP_SANDBOX = YES;
				ENABLE_HARDENED_RUNTIME = YES;
				ENABLE_USER_SELECTED_FILES = readonly;
				GENERATE_INFOPLIST_FILE = YES;
				INFOPLIST_FILE = "macOS (Extension)/Info.plist";
				INFOPLIST_KEY_CFBundleDisplayName = "HeaderX Extension";
				INFOPLIST_KEY_NSHumanReadableCopyright = "";
				LD_RUNPATH_SEARCH_PATHS = (
					"$(inherited)",
					"@executable_path/../Frameworks",
					"@executable_path/../../../../Frameworks",
				);
				MACOSX_DEPLOYMENT_TARGET = 10.14;
				MARKETING_VERSION = 1.0;
				OTHER_LDFLAGS = (
					"-framework",
					SafariServices,
				);
				PRODUCT_BUNDLE_IDENTIFIER = io.github.nicechester.HeaderX.Extension;
				PRODUCT_NAME = "HeaderX Extension";
				SDKROOT = macosx;
				SKIP_INSTALL = YES;
				STRING_CATALOG_GENERATE_SYMBOLS = YES;
				SWIFT_APPROACHABLE_CONCURRENCY = YES;
				SWIFT_EMIT_LOC_STRINGS = YES;
				SWIFT_UPCOMING_FEATURE_MEMBER_IMPORT_VISIBILITY = YES;
				SWIFT_VERSION = 5.0;
			};
			name = Debug;
		};
		4556A92A30057CB6007128CE /* Release */ = {
			isa = XCBuildConfiguration;
			buildSettings = {
				CODE_SIGN_STYLE = Automatic;
				CURRENT_PROJECT_VERSION = 1;
				DEVELOPMENT_TEAM = K92B539W6W;
				ENABLE_APP_SANDBOX = YES;
				ENABLE_HARDENED_RUNTIME = YES;
				ENABLE_USER_SELECTED_FILES = readonly;
				GENERATE_INFOPLIST_FILE = YES;
				INFOPLIST_FILE = "macOS (Extension)/Info.plist";
				INFOPLIST_KEY_CFBundleDisplayName = "HeaderX Extension";
				INFOPLIST_KEY_NSHumanReadableCopyright = "";
				LD_RUNPATH_SEARCH_PATHS = (
					"$(inherited)",
					"@executable_path/../Frameworks",
					"@executable_path/../../../../Frameworks",
				);
				MACOSX_DEPLOYMENT_TARGET = 10.14;
				MARKETING_VERSION = 1.0;
				OTHER_LDFLAGS = (
					"-framework",
					SafariServices,
				);
				PRODUCT_BUNDLE_IDENTIFIER = io.github.nicechester.HeaderX.Extension;
				PRODUCT_NAME = "HeaderX Extension";
				SDKROOT = macosx;
				SKIP_INSTALL = YES;
				STRING_CATALOG_GENERATE_SYMBOLS = YES;
				SWIFT_APPROACHABLE_CONCURRENCY = YES;
				SWIFT_EMIT_LOC_STRINGS = YES;
				SWIFT_UPCOMING_FEATURE_MEMBER_IMPORT_VISIBILITY = YES;
				SWIFT_VERSION = 5.0;
			};
			name = Release;
		};
		4556A92D30057CB6007128CE /* Debug */ = {
			isa = XCBuildConfiguration;
			buildSettings = {
				ASSETCATALOG_COMPILER_APPICON_NAME = AppIcon;
				ASSETCATALOG_COMPILER_GLOBAL_ACCENT_COLOR_NAME = AccentColor;
				CODE_SIGN_STYLE = Automatic;
				CURRENT_PROJECT_VERSION = 5;
				DEVELOPMENT_TEAM = K92B539W6W;
				ENABLE_APP_SANDBOX = YES;
				ENABLE_HARDENED_RUNTIME = YES;
				ENABLE_OUTGOING_NETWORK_CONNECTIONS = YES;
				ENABLE_USER_SELECTED_FILES = readonly;
				GENERATE_INFOPLIST_FILE = YES;
				INFOPLIST_FILE = "macOS (App)/Info.plist";
				INFOPLIST_KEY_CFBundleDisplayName = HeaderX;
				INFOPLIST_KEY_LSApplicationCategoryType = "public.app-category.developer-tools";
				INFOPLIST_KEY_NSMainStoryboardFile = Main;
				INFOPLIST_KEY_NSPrincipalClass = NSApplication;
				LD_RUNPATH_SEARCH_PATHS = (
					"$(inherited)",
					"@executable_path/../Frameworks",
				);
				MACOSX_DEPLOYMENT_TARGET = 10.14;
				MARKETING_VERSION = 1.2;
				OTHER_LDFLAGS = (
					"-framework",
					SafariServices,
					"-framework",
					WebKit,
				);
				PRODUCT_BUNDLE_IDENTIFIER = io.github.nicechester.HeaderX;
				PRODUCT_NAME = HeaderX;
				REGISTER_APP_GROUPS = YES;
				SDKROOT = macosx;
				STRING_CATALOG_GENERATE_SYMBOLS = YES;
				SWIFT_APPROACHABLE_CONCURRENCY = YES;
				SWIFT_DEFAULT_ACTOR_ISOLATION = MainActor;
				SWIFT_EMIT_LOC_STRINGS = YES;
				SWIFT_UPCOMING_FEATURE_MEMBER_IMPORT_VISIBILITY = YES;
				SWIFT_VERSION = 5.0;
			};
			name = Debug;
		};
		4556A92E30057CB6007128CE /* Release */ = {
			isa = XCBuildConfiguration;
			buildSettings = {
				ASSETCATALOG_COMPILER_APPICON_NAME = AppIcon;
				ASSETCATALOG_COMPILER_GLOBAL_ACCENT_COLOR_NAME = AccentColor;
				CODE_SIGN_STYLE = Automatic;
				CURRENT_PROJECT_VERSION = 5;
				DEVELOPMENT_TEAM = K92B539W6W;
				ENABLE_APP_SANDBOX = YES;
				ENABLE_HARDENED_RUNTIME = YES;
				ENABLE_OUTGOING_NETWORK_CONNECTIONS = YES;
				ENABLE_USER_SELECTED_FILES = readonly;
				GENERATE_INFOPLIST_FILE = YES;
				INFOPLIST_FILE = "macOS (App)/Info.plist";
				INFOPLIST_KEY_CFBundleDisplayName = HeaderX;
				INFOPLIST_KEY_LSApplicationCategoryType = "public.app-category.developer-tools";
				INFOPLIST_KEY_NSMainStoryboardFile = Main;
				INFOPLIST_KEY_NSPrincipalClass = NSApplication;
				LD_RUNPATH_SEARCH_PATHS = (
					"$(inherited)",
					"@executable_path/../Frameworks",
				);
				MACOSX_DEPLOYMENT_TARGET = 10.14;
				MARKETING_VERSION = 1.2;
				OTHER_LDFLAGS = (
					"-framework",
					SafariServices,
					"-framework",
					WebKit,
				);
				PRODUCT_BUNDLE_IDENTIFIER = io.github.nicechester.HeaderX;
				PRODUCT_NAME = HeaderX;
				REGISTER_APP_GROUPS = YES;
				SDKROOT = macosx;
				STRING_CATALOG_GENERATE_SYMBOLS = YES;
				SWIFT_APPROACHABLE_CONCURRENCY = YES;
				SWIFT_DEFAULT_ACTOR_ISOLATION = MainActor;
				SWIFT_EMIT_LOC_STRINGS = YES;
				SWIFT_UPCOMING_FEATURE_MEMBER_IMPORT_VISIBILITY = YES;
				SWIFT_VERSION = 5.0;
			};
			name = Release;
		};
/* End XCBuildConfiguration section */

/* Begin XCConfigurationList section */
		4556A8D330057CB5007128CE /* Build configuration list for PBXProject "HeaderX" */ = {
			isa = XCConfigurationList;
			buildConfigurations = (
				4556A91F30057CB6007128CE /* Debug */,
				4556A92030057CB6007128CE /* Release */,
			);
			defaultConfigurationIsVisible = 0;
			defaultConfigurationName = Release;
		};
		4556A92130057CB6007128CE /* Build configuration list for PBXNativeTarget "HeaderX Extension (iOS)" */ = {
			isa = XCConfigurationList;
			buildConfigurations = (
				4556A92230057CB6007128CE /* Debug */,
				4556A92330057CB6007128CE /* Release */,
			);
			defaultConfigurationIsVisible = 0;
			defaultConfigurationName = Release;
		};
		4556A92530057CB6007128CE /* Build configuration list for PBXNativeTarget "HeaderX (iOS)" */ = {
			isa = XCConfigurationList;
			buildConfigurations = (
				4556A92630057CB6007128CE /* Debug */,
				4556A92730057CB6007128CE /* Release */,
			);
			defaultConfigurationIsVisible = 0;
			defaultConfigurationName = Release;
		};
		4556A92830057CB6007128CE /* Build configuration list for PBXNativeTarget "HeaderX Extension (macOS)" */ = {
			isa = XCConfigurationList;
			buildConfigurations = (
				4556A92930057CB6007128CE /* Debug */,
				4556A92A30057CB6007128CE /* Release */,
			);
			defaultConfigurationIsVisible = 0;
			defaultConfigurationName = Release;
		};
		4556A92C30057CB6007128CE /* Build configuration list for PBXNativeTarget "HeaderX (macOS)" */ = {
			isa = XCConfigurationList;
			buildConfigurations = (
				4556A92D30057CB6007128CE /* Debug */,
				4556A92E30057CB6007128CE /* Release */,
			);
			defaultConfigurationIsVisible = 0;
			defaultConfigurationName = Release;
		};
/* End XCConfigurationList section */
	};
	rootObject = 4556A8D030057CB5007128CE /* Project object */;
}
